
Microsoft Visual Studio Solution File, Format Version 12.00
# Visual Studio 15
VisualStudioVersion = 15.0.28307.645
MinimumVisualStudioVersion = 10.0.40219.1
Project("{FAE04EC0-301F-11D3-BF4B-00C04F79EFBC}") = "ReportDeployment.Logic", "Report Deployment Wizard\ReportDeployment.Logic.csproj", "{59FD4460-3959-4BA8-BB86-E85B728373E9}"
EndProject
Project("{FAE04EC0-301F-11D3-BF4B-00C04F79EFBC}") = "ReportDeployment.GUI", "ReportDeployment.GUI\ReportDeployment.GUI.csproj", "{5870F9EF-6416-4D0E-B49C-7C5029E5E8BC}"
EndProject
Global
	GlobalSection(SolutionConfigurationPlatforms) = preSolution
		Debug|Any CPU = Debug|Any CPU
		Release|Any CPU = Release|Any CPU
	EndGlobalSection
	GlobalSection(ProjectConfigurationPlatforms) = postSolution
		{59FD4460-3959-4BA8-BB86-E85B728373E9}.Debug|Any CPU.ActiveCfg = Debug|Any CPU
		{59FD4460-3959-4BA8-BB86-E85B728373E9}.Debug|Any CPU.Build.0 = Debug|Any CPU
		{59FD4460-3959-4BA8-BB86-E85B728373E9}.Release|Any CPU.ActiveCfg = Release|Any CPU
		{59FD4460-3959-4BA8-BB86-E85B728373E9}.Release|Any CPU.Build.0 = Release|Any CPU
		{5870F9EF-6416-4D0E-B49C-7C5029E5E8BC}.Debug|Any CPU.ActiveCfg = Debug|Any CPU
		{5870F9EF-6416-4D0E-B49C-7C5029E5E8BC}.Debug|Any CPU.Build.0 = Debug|Any CPU
		{5870F9EF-6416-4D0E-B49C-7C5029E5E8BC}.Release|Any CPU.ActiveCfg = Release|Any CPU
		{5870F9EF-6416-4D0E-B49C-7C5029E5E8BC}.Release|Any CPU.Build.0 = Release|Any CPU
	EndGlobalSection
	GlobalSection(SolutionProperties) = preSolution
		HideSolutionNode = FALSE
	EndGlobalSection
	GlobalSection(ExtensibilityGlobals) = postSolution
		SolutionGuid = {CFA05562-C951-4254-9B34-8051675E4C77}
	EndGlobalSection
EndGlobal
